Microsoft Visual Studio Solution File, Format Version 12.00
# Visual Studio 2012
Project("{FAE04EC0-301F-11D3-BF4B-00C04F79EFBC}") = "Epic Online Services Godot", "Epic Online Services Godot.csproj", "{AC51CE38-CDEE-4299-AA90-1FC5416558AD}"
EndProject
Global
	GlobalSection(SolutionConfigurationPlatforms) = preSolution
	Debug|Any CPU = Debug|Any CPU
	ExportDebug|Any CPU = ExportDebug|Any CPU
	ExportRelease|Any CPU = ExportRelease|Any CPU
	EndGlobalSection
	GlobalSection(ProjectConfigurationPlatforms) = postSolution
		{AC51CE38-CDEE-4299-AA90-1FC5416558AD}.Debug|Any CPU.ActiveCfg = Debug|Any CPU
		{AC51CE38-CDEE-4299-AA90-1FC5416558AD}.Debug|Any CPU.Build.0 = Debug|Any CPU
		{AC51CE38-CDEE-4299-AA90-1FC5416558AD}.ExportDebug|Any CPU.ActiveCfg = ExportDebug|Any CPU
		{AC51CE38-CDEE-4299-AA90-1FC5416558AD}.ExportDebug|Any CPU.Build.0 = ExportDebug|Any CPU
		{AC51CE38-CDEE-4299-AA90-1FC5416558AD}.ExportRelease|Any CPU.ActiveCfg = ExportRelease|Any CPU
		{AC51CE38-CDEE-4299-AA90-1FC5416558AD}.ExportRelease|Any CPU.Build.0 = ExportRelease|Any CPU
	EndGlobalSection
EndGlobal
